
Microsoft Visual Studio Solution File, Format Version 12.00
# Visual Studio Version 17
VisualStudioVersion = 17.8.34316.72
MinimumVisualStudioVersion = 10.0.40219.1
Project("{FAE04EC0-301F-11D3-BF4B-00C04F79EFBC}") = "Lab2", "Lab2\Lab2.csproj", "{7598973A-2FE2-4C4A-B100-45ADD8D54FF3}"
EndProject
Global
	GlobalSection(SolutionConfigurationPlatforms) = preSolution
		Debug|Any CPU = Debug|Any CPU
		Release|Any CPU = Release|Any CPU
	EndGlobalSection
	GlobalSection(ProjectConfigurationPlatforms) = postSolution
		{7598973A-2FE2-4C4A-B100-45ADD8D54FF3}.Debug|Any CPU.ActiveCfg = Debug|Any CPU
		{7598973A-2FE2-4C4A-B100-45ADD8D54FF3}.Debug|Any CPU.Build.0 = Debug|Any CPU
		{7598973A-2FE2-4C4A-B100-45ADD8D54FF3}.Release|Any CPU.ActiveCfg = Release|Any CPU
		{7598973A-2FE2-4C4A-B100-45ADD8D54FF3}.Release|Any CPU.Build.0 = Release|Any CPU
	EndGlobalSection
	GlobalSection(SolutionProperties) = preSolution
		HideSolutionNode = FALSE
	EndGlobalSection
	GlobalSection(ExtensibilityGlobals) = postSolution
		SolutionGuid = {1AF70A94-C0A9-4556-9D9F-E65CE716AE2D}
	EndGlobalSection
EndGlobal
