
Microsoft Visual Studio Solution File, Format Version 12.00
# Visual Studio Version 17
VisualStudioVersion = 17.8.34316.72
MinimumVisualStudioVersion = 10.0.40219.1
Project("{FAE04EC0-301F-11D3-BF4B-00C04F79EFBC}") = "lab7", "lab7\lab7.csproj", "{7DF3F13D-74BA-4C01-87D5-B61A6E741368}"
EndProject
Global
	GlobalSection(SolutionConfigurationPlatforms) = preSolution
		Debug|Any CPU = Debug|Any CPU
		Release|Any CPU = Release|Any CPU
	EndGlobalSection
	GlobalSection(ProjectConfigurationPlatforms) = postSolution
		{7DF3F13D-74BA-4C01-87D5-B61A6E741368}.Debug|Any CPU.ActiveCfg = Debug|Any CPU
		{7DF3F13D-74BA-4C01-87D5-B61A6E741368}.Debug|Any CPU.Build.0 = Debug|Any CPU
		{7DF3F13D-74BA-4C01-87D5-B61A6E741368}.Release|Any CPU.ActiveCfg = Release|Any CPU
		{7DF3F13D-74BA-4C01-87D5-B61A6E741368}.Release|Any CPU.Build.0 = Release|Any CPU
	EndGlobalSection
	GlobalSection(SolutionProperties) = preSolution
		HideSolutionNode = FALSE
	EndGlobalSection
	GlobalSection(ExtensibilityGlobals) = postSolution
		SolutionGuid = {16E5FFD9-09B1-405A-BB55-0EBCA6D88329}
	EndGlobalSection
EndGlobal
